
Microsoft Visual Studio Solution File, Format Version 12.00
# Visual Studio Version 17
VisualStudioVersion = 17.14.36908.2
MinimumVisualStudioVersion = 10.0.40219.1
Project("{FAE04EC0-301F-11D3-BF4B-00C04F79EFBC}") = "ProductClientHub.API", "ProductClientHub.API\ProductClientHub.API.csproj", "{E1A61B3A-CF49-4F4E-ADC0-D55BE6033245}"
	ProjectSection(ProjectDependencies) = postProject
		{36D5688B-B0A5-4BC7-B696-0080E53D4923} = {36D5688B-B0A5-4BC7-B696-0080E53D4923}
		{D7144574-5CCB-494F-8A89-FE4A0F23A3E9} = {D7144574-5CCB-494F-8A89-FE4A0F23A3E9}
	EndProjectSection
EndProject
Project("{FAE04EC0-301F-11D3-BF4B-00C04F79EFBC}") = "ProductClientHub.Communication", "ProductClientHub.Communication\ProductClientHub.Communication.csproj", "{A0CFB358-83B0-4929-8C25-65863310C3D7}"
EndProject
Project("{FAE04EC0-301F-11D3-BF4B-00C04F79EFBC}") = "ProductClientHub.Exceptions", "ProductClientHub.Exceptions\ProductClientHub.Exceptions.csproj", "{1B22BDCF-E5AD-496C-8980-627849AAB445}"
EndProject
Project("{FAE04EC0-301F-11D3-BF4B-00C04F79EFBC}") = "ProductClientHub.Infrastructure", "ProductClientHub.Infrastructure\ProductClientHub.Infrastructure.csproj", "{D7144574-5CCB-494F-8A89-FE4A0F23A3E9}"
EndProject
Project("{FAE04EC0-301F-11D3-BF4B-00C04F79EFBC}") = "ProductClientHub.Domain", "ProductClientHub.Domain\ProductClientHub.Domain.csproj", "{36D5688B-B0A5-4BC7-B696-0080E53D4923}"
EndProject
Global
	GlobalSection(SolutionConfigurationPlatforms) = preSolution
		Debug|Any CPU = Debug|Any CPU
		Release|Any CPU = Release|Any CPU
	EndGlobalSection
	GlobalSection(ProjectConfigurationPlatforms) = postSolution
		{E1A61B3A-CF49-4F4E-ADC0-D55BE6033245}.Debug|Any CPU.ActiveCfg = Debug|Any CPU
		{E1A61B3A-CF49-4F4E-ADC0-D55BE6033245}.Debug|Any CPU.Build.0 = Debug|Any CPU
		{E1A61B3A-CF49-4F4E-ADC0-D55BE6033245}.Release|Any CPU.ActiveCfg = Release|Any CPU
		{E1A61B3A-CF49-4F4E-ADC0-D55BE6033245}.Release|Any CPU.Build.0 = Release|Any CPU
		{A0CFB358-83B0-4929-8C25-65863310C3D7}.Debug|Any CPU.ActiveCfg = Debug|Any CPU
		{A0CFB358-83B0-4929-8C25-65863310C3D7}.Debug|Any CPU.Build.0 = Debug|Any CPU
		{A0CFB358-83B0-4929-8C25-65863310C3D7}.Release|Any CPU.ActiveCfg = Release|Any CPU
		{A0CFB358-83B0-4929-8C25-65863310C3D7}.Release|Any CPU.Build.0 = Release|Any CPU
		{1B22BDCF-E5AD-496C-8980-627849AAB445}.Debug|Any CPU.ActiveCfg = Debug|Any CPU
		{1B22BDCF-E5AD-496C-8980-627849AAB445}.Debug|Any CPU.Build.0 = Debug|Any CPU
		{1B22BDCF-E5AD-496C-8980-627849AAB445}.Release|Any CPU.ActiveCfg = Release|Any CPU
		{1B22BDCF-E5AD-496C-8980-627849AAB445}.Release|Any CPU.Build.0 = Release|Any CPU
		{D7144574-5CCB-494F-8A89-FE4A0F23A3E9}.Debug|Any CPU.ActiveCfg = Debug|Any CPU
		{D7144574-5CCB-494F-8A89-FE4A0F23A3E9}.Debug|Any CPU.Build.0 = Debug|Any CPU
		{D7144574-5CCB-494F-8A89-FE4A0F23A3E9}.Release|Any CPU.ActiveCfg = Release|Any CPU
		{D7144574-5CCB-494F-8A89-FE4A0F23A3E9}.Release|Any CPU.Build.0 = Release|Any CPU
		{36D5688B-B0A5-4BC7-B696-0080E53D4923}.Debug|Any CPU.ActiveCfg = Debug|Any CPU
		{36D5688B-B0A5-4BC7-B696-0080E53D4923}.Debug|Any CPU.Build.0 = Debug|Any CPU
		{36D5688B-B0A5-4BC7-B696-0080E53D4923}.Release|Any CPU.ActiveCfg = Release|Any CPU
		{36D5688B-B0A5-4BC7-B696-0080E53D4923}.Release|Any CPU.Build.0 = Release|Any CPU
	EndGlobalSection
	GlobalSection(SolutionProperties) = preSolution
		HideSolutionNode = FALSE
	EndGlobalSection
	GlobalSection(ExtensibilityGlobals) = postSolution
		SolutionGuid = {E71F62CB-DB20-4A6D-B15B-B2395875864B}
	EndGlobalSection
EndGlobal
